
Microsoft Visual Studio Solution File, Format Version 12.00
# Visual Studio Version 17
VisualStudioVersion = 17.2.32505.173
MinimumVisualStudioVersion = 10.0.40219.1
Project("{FAE04EC0-301F-11D3-BF4B-00C04F79EFBC}") = "FinalCиm", "FinalCиm\FinalCиm.csproj", "{4ED063AF-9C98-45DA-AD1F-A110A14D7987}"
EndProject
Global
	GlobalSection(SolutionConfigurationPlatforms) = preSolution
		Debug|Any CPU = Debug|Any CPU
		Release|Any CPU = Release|Any CPU
	EndGlobalSection
	GlobalSection(ProjectConfigurationPlatforms) = postSolution
		{4ED063AF-9C98-45DA-AD1F-A110A14D7987}.Debug|Any CPU.ActiveCfg = Debug|Any CPU
		{4ED063AF-9C98-45DA-AD1F-A110A14D7987}.Debug|Any CPU.Build.0 = Debug|Any CPU
		{4ED063AF-9C98-45DA-AD1F-A110A14D7987}.Release|Any CPU.ActiveCfg = Release|Any CPU
		{4ED063AF-9C98-45DA-AD1F-A110A14D7987}.Release|Any CPU.Build.0 = Release|Any CPU
	EndGlobalSection
	GlobalSection(SolutionProperties) = preSolution
		HideSolutionNode = FALSE
	EndGlobalSection
	GlobalSection(ExtensibilityGlobals) = postSolution
		SolutionGuid = {7C46E12F-E55F-41AE-9014-C8F80019E2F5}
	EndGlobalSection
EndGlobal
